// !$*UTF8*$!
{
	archiveVersion = 1;
	classes = {
	};
	objectVersion = 55;
	objects = {

/* Begin PBXBuildFile section */
		1F0E0F2D282181A20084A2DA /* PromiseKit in Frameworks */ = {isa = PBXBuildFile; productRef = 1F0E0F2C282181A20084A2DA /* PromiseKit */; };
		1F64645427C6727B0018244E /* UniversalMetod.swift in Sources */ = {isa = PBXBuildFile; fileRef = 1F64645327C6727B0018244E /* UniversalMetod.swift */; };
		1F64645627C67D3E0018244E /* ImageLoader.swift in Sources */ = {isa = PBXBuildFile; fileRef = 1F64645527C67D3E0018244E /* ImageLoader.swift */; };
		1F64645927CD10700018244E /* Realm in Frameworks */ = {isa = PBXBuildFile; productRef = 1F64645827CD10700018244E /* Realm */; };
		1F64645B27CD10700018244E /* RealmSwift in Frameworks */ = {isa = PBXBuildFile; productRef = 1F64645A27CD10700018244E /* RealmSwift */; };
		1F64645E27D610DD0018244E /* RealmCacheService.swift in Sources */ = {isa = PBXBuildFile; fileRef = 1F64645D27D610DD0018244E /* RealmCacheService.swift */; };
		1F6D529627903FB9008CDE4F /* FriendsListController.swift in Sources */ = {isa = PBXBuildFile; fileRef = 1F6D529527903FB9008CDE4F /* FriendsListController.swift */; };
		1F6D52982790412A008CDE4F /* FriendListController+TableDataSource.swift in Sources */ = {isa = PBXBuildFile; fileRef = 1F6D52972790412A008CDE4F /* FriendListController+TableDataSource.swift */; };
		1F6D529C2790419B008CDE4F /* UniversalTableViewCell.swift in Sources */ = {isa = PBXBuildFile; fileRef = 1F6D529A2790419B008CDE4F /* UniversalTableViewCell.swift */; };
		1F6D529D2790419B008CDE4F /* UniversalTableViewCell.xib in Resources */ = {isa = PBXBuildFile; fileRef = 1F6D529B2790419B008CDE4F /* UniversalTableViewCell.xib */; };
		1F6D529F2790435D008CDE4F /* FriendsListController+TableDelegate.swift in Sources */ = {isa = PBXBuildFile; fileRef = 1F6D529E2790435D008CDE4F /* FriendsListController+TableDelegate.swift */; };
		1F6D52A1279043A5008CDE4F /* Constants.swift in Sources */ = {isa = PBXBuildFile; fileRef = 1F6D52A0279043A5008CDE4F /* Constants.swift */; };
		1F6D52A427904656008CDE4F /* GroupController.swift in Sources */ = {isa = PBXBuildFile; fileRef = 1F6D52A327904656008CDE4F /* GroupController.swift */; };
		1F6D52A627904694008CDE4F /* GroupsController+TableSourse.swift in Sources */ = {isa = PBXBuildFile; fileRef = 1F6D52A527904694008CDE4F /* GroupsController+TableSourse.swift */; };
		1F6D52A8279046A4008CDE4F /* GroupsController+TableDelegate.swift in Sources */ = {isa = PBXBuildFile; fileRef = 1F6D52A7279046A4008CDE4F /* GroupsController+TableDelegate.swift */; };
		1F6D52AB27907973008CDE4F /* Friend.swift in Sources */ = {isa = PBXBuildFile; fileRef = 1F6D52AA27907973008CDE4F /* Friend.swift */; };
		1F6D52AD27907993008CDE4F /* Group.swift in Sources */ = {isa = PBXBuildFile; fileRef = 1F6D52AC27907993008CDE4F /* Group.swift */; };
		1F6D52AF279079DD008CDE4F /* Storage.swift in Sources */ = {isa = PBXBuildFile; fileRef = 1F6D52AE279079DD008CDE4F /* Storage.swift */; };
		1F6D52B227907D05008CDE4F /* AllGroupController.swift in Sources */ = {isa = PBXBuildFile; fileRef = 1F6D52B127907D05008CDE4F /* AllGroupController.swift */; };
		1F6D52B427907E09008CDE4F /* AllGroupsController+TableSourse.swift in Sources */ = {isa = PBXBuildFile; fileRef = 1F6D52B327907E09008CDE4F /* AllGroupsController+TableSourse.swift */; };
		1F6D52B627907E3A008CDE4F /* AllGroupsController+TableDelegate.swift in Sources */ = {isa = PBXBuildFile; fileRef = 1F6D52B527907E3A008CDE4F /* AllGroupsController+TableDelegate.swift */; };
		1F6D52B927947E75008CDE4F /* GalleryController.swift in Sources */ = {isa = PBXBuildFile; fileRef = 1F6D52B827947E75008CDE4F /* GalleryController.swift */; };
		1F6D52BD27947F04008CDE4F /* GalleryCell.swift in Sources */ = {isa = PBXBuildFile; fileRef = 1F6D52BB27947F04008CDE4F /* GalleryCell.swift */; };
		1F6D52BE27947F04008CDE4F /* GalleryCell.xib in Resources */ = {isa = PBXBuildFile; fileRef = 1F6D52BC27947F04008CDE4F /* GalleryCell.xib */; };
		1F6D52C1279487E6008CDE4F /* FotoViewController.swift in Sources */ = {isa = PBXBuildFile; fileRef = 1F6D52C0279487E6008CDE4F /* FotoViewController.swift */; };
		1F98F02927986F470013DD74 /* LikeCounterControlView.swift in Sources */ = {isa = PBXBuildFile; fileRef = 1F98F02827986F470013DD74 /* LikeCounterControlView.swift */; };
		1F98F02C27986F830013DD74 /* LikeCounterControlView.xib in Resources */ = {isa = PBXBuildFile; fileRef = 1F98F02B27986F830013DD74 /* LikeCounterControlView.xib */; };
		1FB8EF212779D294006478AE /* AppDelegate.swift in Sources */ = {isa = PBXBuildFile; fileRef = 1FB8EF202779D294006478AE /* AppDelegate.swift */; };
		1FB8EF232779D294006478AE /* SceneDelegate.swift in Sources */ = {isa = PBXBuildFile; fileRef = 1FB8EF222779D294006478AE /* SceneDelegate.swift */; };
		1FB8EF252779D294006478AE /* ViewController.swift in Sources */ = {isa = PBXBuildFile; fileRef = 1FB8EF242779D294006478AE /* ViewController.swift */; };
		1FB8EF282779D294006478AE /* Main.storyboard in Resources */ = {isa = PBXBuildFile; fileRef = 1FB8EF262779D294006478AE /* Main.storyboard */; };
		1FB8EF2A2779D294006478AE /* Assets.xcassets in Resources */ = {isa = PBXBuildFile; fileRef = 1FB8EF292779D294006478AE /* Assets.xcassets */; };
		1FB8EF2D2779D294006478AE /* LaunchScreen.storyboard in Resources */ = {isa = PBXBuildFile; fileRef = 1FB8EF2B2779D294006478AE /* LaunchScreen.storyboard */; };
		1FB8EF382779D295006478AE /* les2_2Tests.swift in Sources */ = {isa = PBXBuildFile; fileRef = 1FB8EF372779D295006478AE /* les2_2Tests.swift */; };
		1FB8EF422779D295006478AE /* les2_2UITests.swift in Sources */ = {isa = PBXBuildFile; fileRef = 1FB8EF412779D295006478AE /* les2_2UITests.swift */; };
		1FB8EF442779D295006478AE /* les2_2UITestsLaunchTests.swift in Sources */ = {isa = PBXBuildFile; fileRef = 1FB8EF432779D295006478AE /* les2_2UITestsLaunchTests.swift */; };
		1FC3FCF42811679900294320 /* NewsController.swift in Sources */ = {isa = PBXBuildFile; fileRef = 1FC3FCF32811679900294320 /* NewsController.swift */; };
		1FC3FCF628116DE900294320 /* News.swift in Sources */ = {isa = PBXBuildFile; fileRef = 1FC3FCF528116DE900294320 /* News.swift */; };
		1FC3FCF828117E1800294320 /* NewsMainViewCell.swift in Sources */ = {isa = PBXBuildFile; fileRef = 1FC3FCF728117E1800294320 /* NewsMainViewCell.swift */; };
		1FC3FCFA2811819100294320 /* CollectionViewCell.swift in Sources */ = {isa = PBXBuildFile; fileRef = 1FC3FCF92811819100294320 /* CollectionViewCell.swift */; };
		1FDB16EB27F1C98500DBF7B4 /* GoogleService-Info.plist in Resources */ = {isa = PBXBuildFile; fileRef = 1FDB16EA27F1C98500DBF7B4 /* GoogleService-Info.plist */; };
		1FDB16EE27F1CA7F00DBF7B4 /* FirebaseAnalytics in Frameworks */ = {isa = PBXBuildFile; productRef = 1FDB16ED27F1CA7F00DBF7B4 /* FirebaseAnalytics */; };
		1FDB16F027F1CA7F00DBF7B4 /* FirebaseAnalyticsSwift-Beta in Frameworks */ = {isa = PBXBuildFile; productRef = 1FDB16EF27F1CA7F00DBF7B4 /* FirebaseAnalyticsSwift-Beta */; };
		1FDB16F227F1CA7F00DBF7B4 /* FirebaseAnalyticsWithoutAdIdSupport in Frameworks */ = {isa = PBXBuildFile; productRef = 1FDB16F127F1CA7F00DBF7B4 /* FirebaseAnalyticsWithoutAdIdSupport */; };
		1FDB16F427F1CA7F00DBF7B4 /* FirebaseAppCheck in Frameworks */ = {isa = PBXBuildFile; productRef = 1FDB16F327F1CA7F00DBF7B4 /* FirebaseAppCheck */; };
		1FDB16F627F1CA7F00DBF7B4 /* FirebaseAppDistribution-Beta in Frameworks */ = {isa = PBXBuildFile; productRef = 1FDB16F527F1CA7F00DBF7B4 /* FirebaseAppDistribution-Beta */; };
		1FDB16F827F1CA7F00DBF7B4 /* FirebaseAuth in Frameworks */ = {isa = PBXBuildFile; productRef = 1FDB16F727F1CA7F00DBF7B4 /* FirebaseAuth */; };
		1FDB16FA27F1CA7F00DBF7B4 /* FirebaseAuthCombine-Community in Frameworks */ = {isa = PBXBuildFile; productRef = 1FDB16F927F1CA7F00DBF7B4 /* FirebaseAuthCombine-Community */; };
		1FDB16FC27F1CA7F00DBF7B4 /* FirebaseCrashlytics in Frameworks */ = {isa = PBXBuildFile; productRef = 1FDB16FB27F1CA7F00DBF7B4 /* FirebaseCrashlytics */; };
		1FDB16FE27F1CA7F00DBF7B4 /* FirebaseDatabase in Frameworks */ = {isa = PBXBuildFile; productRef = 1FDB16FD27F1CA7F00DBF7B4 /* FirebaseDatabase */; };
		1FDB170027F1CA7F00DBF7B4 /* FirebaseDatabaseSwift-Beta in Frameworks */ = {isa = PBXBuildFile; productRef = 1FDB16FF27F1CA7F00DBF7B4 /* FirebaseDatabaseSwift-Beta */; };
		1FDB170227F1CA7F00DBF7B4 /* FirebaseDynamicLinks in Frameworks */ = {isa = PBXBuildFile; productRef = 1FDB170127F1CA7F00DBF7B4 /* FirebaseDynamicLinks */; };
		1FDB170427F1CA7F00DBF7B4 /* FirebaseFirestore in Frameworks */ = {isa = PBXBuildFile; productRef = 1FDB170327F1CA7F00DBF7B4 /* FirebaseFirestore */; };
		1FDB170627F1CA7F00DBF7B4 /* FirebaseFirestoreCombine-Community in Frameworks */ = {isa = PBXBuildFile; productRef = 1FDB170527F1CA7F00DBF7B4 /* FirebaseFirestoreCombine-Community */; };
		1FDB170827F1CA7F00DBF7B4 /* FirebaseFirestoreSwift-Beta in Frameworks */ = {isa = PBXBuildFile; productRef = 1FDB170727F1CA7F00DBF7B4 /* FirebaseFirestoreSwift-Beta */; };
		1FDB170A27F1CA7F00DBF7B4 /* FirebaseFunctions in Frameworks */ = {isa = PBXBuildFile; productRef = 1FDB170927F1CA7F00DBF7B4 /* FirebaseFunctions */; };
		1FDB170C27F1CA7F00DBF7B4 /* FirebaseFunctionsCombine-Community in Frameworks */ = {isa = PBXBuildFile; productRef = 1FDB170B27F1CA7F00DBF7B4 /* FirebaseFunctionsCombine-Community */; };
		1FDB170E27F1CA7F00DBF7B4 /* FirebaseFunctionsSwift-Beta in Frameworks */ = {isa = PBXBuildFile; productRef = 1FDB170D27F1CA7F00DBF7B4 /* FirebaseFunctionsSwift-Beta */; };
		1FDB171027F1CA7F00DBF7B4 /* FirebaseInAppMessaging-Beta in Frameworks */ = {isa = PBXBuildFile; productRef = 1FDB170F27F1CA7F00DBF7B4 /* FirebaseInAppMessaging-Beta */; };
		1FDB171227F1CA7F00DBF7B4 /* FirebaseInAppMessagingSwift-Beta in Frameworks */ = {isa = PBXBuildFile; productRef = 1FDB171127F1CA7F00DBF7B4 /* FirebaseInAppMessagingSwift-Beta */; };
		1FDB171427F1CA7F00DBF7B4 /* FirebaseInstallations in Frameworks */ = {isa = PBXBuildFile; productRef = 1FDB171327F1CA7F00DBF7B4 /* FirebaseInstallations */; };
		1FDB171627F1CA7F00DBF7B4 /* FirebaseMLModelDownloader in Frameworks */ = {isa = PBXBuildFile; productRef = 1FDB171527F1CA7F00DBF7B4 /* FirebaseMLModelDownloader */; };
		1FDB171827F1CA7F00DBF7B4 /* FirebaseMessaging in Frameworks */ = {isa = PBXBuildFile; productRef = 1FDB171727F1CA7F00DBF7B4 /* FirebaseMessaging */; };
		1FDB171A27F1CA7F00DBF7B4 /* FirebasePerformance in Frameworks */ = {isa = PBXBuildFile; productRef = 1FDB171927F1CA7F00DBF7B4 /* FirebasePerformance */; };
		1FDB171C27F1CA7F00DBF7B4 /* FirebaseRemoteConfig in Frameworks */ = {isa = PBXBuildFile; productRef = 1FDB171B27F1CA7F00DBF7B4 /* FirebaseRemoteConfig */; };
		1FDB171E27F1CA7F00DBF7B4 /* FirebaseRemoteConfigSwift-Beta in Frameworks */ = {isa = PBXBuildFile; productRef = 1FDB171D27F1CA7F00DBF7B4 /* FirebaseRemoteConfigSwift-Beta */; };
		1FDB172027F1CA7F00DBF7B4 /* FirebaseStorage in Frameworks */ = {isa = PBXBuildFile; productRef = 1FDB171F27F1CA7F00DBF7B4 /* FirebaseStorage */; };
		1FDB172227F1CA7F00DBF7B4 /* FirebaseStorageCombine-Community in Frameworks */ = {isa = PBXBuildFile; productRef = 1FDB172127F1CA7F00DBF7B4 /* FirebaseStorageCombine-Community */; };
		1FDB172427F1CA7F00DBF7B4 /* FirebaseStorageSwift-Beta in Frameworks */ = {isa = PBXBuildFile; productRef = 1FDB172327F1CA7F00DBF7B4 /* FirebaseStorageSwift-Beta */; };
		1FDB172727F1CD7100DBF7B4 /* FirebaseGroups.swift in Sources */ = {isa = PBXBuildFile; fileRef = 1FDB172627F1CD7100DBF7B4 /* FirebaseGroups.swift */; };
/* End PBXBuildFile section */

/* Begin PBXContainerItemProxy section */
		1FB8EF342779D295006478AE /* PBXContainerItemProxy */ = {
			isa = PBXContainerItemProxy;
			containerPortal = 1FB8EF152779D294006478AE /* Project object */;
			proxyType = 1;
			remoteGlobalIDString = 1FB8EF1C2779D294006478AE;
			remoteInfo = les2_2;
		};
		1FB8EF3E2779D295006478AE /* PBXContainerItemProxy */ = {
			isa = PBXContainerItemProxy;
			containerPortal = 1FB8EF152779D294006478AE /* Project object */;
			proxyType = 1;
			remoteGlobalIDString = 1FB8EF1C2779D294006478AE;
			remoteInfo = les2_2;
		};
/* End PBXContainerItemProxy section */

/* Begin PBXFileReference section */
		1F64645327C6727B0018244E /* UniversalMetod.swift */ = {isa = PBXFileReference; lastKnownFileType = sourcecode.swift; path = UniversalMetod.swift; sourceTree = "<group>"; };
		1F64645527C67D3E0018244E /* ImageLoader.swift */ = {isa = PBXFileReference; lastKnownFileType = sourcecode.swift; path = ImageLoader.swift; sourceTree = "<group>"; };
		1F64645D27D610DD0018244E /* RealmCacheService.swift */ = {isa = PBXFileReference; lastKnownFileType = sourcecode.swift; path = RealmCacheService.swift; sourceTree = "<group>"; };
		1F6D529527903FB9008CDE4F /* FriendsListController.swift */ = {isa = PBXFileReference; lastKnownFileType = sourcecode.swift; path = FriendsListController.swift; sourceTree = "<group>"; };
		1F6D52972790412A008CDE4F /* FriendListController+TableDataSource.swift */ = {isa = PBXFileReference; lastKnownFileType = sourcecode.swift; path = "FriendListController+TableDataSource.swift"; sourceTree = "<group>"; };
		1F6D529A2790419B008CDE4F /* UniversalTableViewCell.swift */ = {isa = PBXFileReference; lastKnownFileType = sourcecode.swift; path = UniversalTableViewCell.swift; sourceTree = "<group>"; };
		1F6D529B2790419B008CDE4F /* UniversalTableViewCell.xib */ = {isa = PBXFileReference; lastKnownFileType = file.xib; path = UniversalTableViewCell.xib; sourceTree = "<group>"; };
		1F6D529E2790435D008CDE4F /* FriendsListController+TableDelegate.swift */ = {isa = PBXFileReference; lastKnownFileType = sourcecode.swift; path = "FriendsListController+TableDelegate.swift"; sourceTree = "<group>"; };
		1F6D52A0279043A5008CDE4F /* Constants.swift */ = {isa = PBXFileReference; lastKnownFileType = sourcecode.swift; path = Constants.swift; sourceTree = "<group>"; };
		1F6D52A327904656008CDE4F /* GroupController.swift */ = {isa = PBXFileReference; lastKnownFileType = sourcecode.swift; path = GroupController.swift; sourceTree = "<group>"; };
		1F6D52A527904694008CDE4F /* GroupsController+TableSourse.swift */ = {isa = PBXFileReference; lastKnownFileType = sourcecode.swift; path = "GroupsController+TableSourse.swift"; sourceTree = "<group>"; };
		1F6D52A7279046A4008CDE4F /* GroupsController+TableDelegate.swift */ = {isa = PBXFileReference; lastKnownFileType = sourcecode.swift; path = "GroupsController+TableDelegate.swift"; sourceTree = "<group>"; };
		1F6D52AA27907973008CDE4F /* Friend.swift */ = {isa = PBXFileReference; lastKnownFileType = sourcecode.swift; path = Friend.swift; sourceTree = "<group>"; };
		1F6D52AC27907993008CDE4F /* Group.swift */ = {isa = PBXFileReference; lastKnownFileType = sourcecode.swift; path = Group.swift; sourceTree = "<group>"; };
		1F6D52AE279079DD008CDE4F /* Storage.swift */ = {isa = PBXFileReference; lastKnownFileType = sourcecode.swift; path = Storage.swift; sourceTree = "<group>"; };
		1F6D52B127907D05008CDE4F /* AllGroupController.swift */ = {isa = PBXFileReference; lastKnownFileType = sourcecode.swift; path = AllGroupController.swift; sourceTree = "<group>"; };
		1F6D52B327907E09008CDE4F /* AllGroupsController+TableSourse.swift */ = {isa = PBXFileReference; lastKnownFileType = sourcecode.swift; path = "AllGroupsController+TableSourse.swift"; sourceTree = "<group>"; };
		1F6D52B527907E3A008CDE4F /* AllGroupsController+TableDelegate.swift */ = {isa = PBXFileReference; lastKnownFileType = sourcecode.swift; path = "AllGroupsController+TableDelegate.swift"; sourceTree = "<group>"; };
		1F6D52B827947E75008CDE4F /* GalleryController.swift */ = {isa = PBXFileReference; lastKnownFileType = sourcecode.swift; path = GalleryController.swift; sourceTree = "<group>"; };
		1F6D52BB27947F04008CDE4F /* GalleryCell.swift */ = {isa = PBXFileReference; lastKnownFileType = sourcecode.swift; path = GalleryCell.swift; sourceTree = "<group>"; };
		1F6D52BC27947F04008CDE4F /* GalleryCell.xib */ = {isa = PBXFileReference; lastKnownFileType = file.xib; path = GalleryCell.xib; sourceTree = "<group>"; };
		1F6D52C0279487E6008CDE4F /* FotoViewController.swift */ = {isa = PBXFileReference; lastKnownFileType = sourcecode.swift; path = FotoViewController.swift; sourceTree = "<group>"; };
		1F98F02827986F470013DD74 /* LikeCounterControlView.swift */ = {isa = PBXFileReference; lastKnownFileType = sourcecode.swift; path = LikeCounterControlView.swift; sourceTree = "<group>"; };
		1F98F02B27986F830013DD74 /* LikeCounterControlView.xib */ = {isa = PBXFileReference; lastKnownFileType = file.xib; path = LikeCounterControlView.xib; sourceTree = "<group>"; };
		1FB8EF1D2779D294006478AE /* les2_2.app */ = {isa = PBXFileReference; explicitFileType = wrapper.application; includeInIndex = 0; path = les2_2.app; sourceTree = BUILT_PRODUCTS_DIR; };
		1FB8EF202779D294006478AE /* AppDelegate.swift */ = {isa = PBXFileReference; lastKnownFileType = sourcecode.swift; path = AppDelegate.swift; sourceTree = "<group>"; };
		1FB8EF222779D294006478AE /* SceneDelegate.swift */ = {isa = PBXFileReference; lastKnownFileType = sourcecode.swift; path = SceneDelegate.swift; sourceTree = "<group>"; };
		1FB8EF242779D294006478AE /* ViewController.swift */ = {isa = PBXFileReference; lastKnownFileType = sourcecode.swift; path = ViewController.swift; sourceTree = "<group>"; };
		1FB8EF272779D294006478AE /* Base */ = {isa = PBXFileReference; lastKnownFileType = file.storyboard; name = Base; path = Base.lproj/Main.storyboard; sourceTree = "<group>"; };
		1FB8EF292779D294006478AE /* Assets.xcassets */ = {isa = PBXFileReference; lastKnownFileType = folder.assetcatalog; path = Assets.xcassets; sourceTree = "<group>"; };
		1FB8EF2C2779D294006478AE /* Base */ = {isa = PBXFileReference; lastKnownFileType = file.storyboard; name = Base; path = Base.lproj/LaunchScreen.storyboard; sourceTree = "<group>"; };
		1FB8EF2E2779D294006478AE /* Info.plist */ = {isa = PBXFileReference; lastKnownFileType = text.plist.xml; path = Info.plist; sourceTree = "<group>"; };
		1FB8EF332779D295006478AE /* les2_2Tests.xctest */ = {isa = PBXFileReference; explicitFileType = wrapper.cfbundle; includeInIndex = 0; path = les2_2Tests.xctest; sourceTree = BUILT_PRODUCTS_DIR; };
		1FB8EF372779D295006478AE /* les2_2Tests.swift */ = {isa = PBXFileReference; lastKnownFileType = sourcecode.swift; path = les2_2Tests.swift; sourceTree = "<group>"; };
		1FB8EF3D2779D295006478AE /* les2_2UITests.xctest */ = {isa = PBXFileReference; explicitFileType = wrapper.cfbundle; includeInIndex = 0; path = les2_2UITests.xctest; sourceTree = BUILT_PRODUCTS_DIR; };
		1FB8EF412779D295006478AE /* les2_2UITests.swift */ = {isa = PBXFileReference; lastKnownFileType = sourcecode.swift; path = les2_2UITests.swift; sourceTree = "<group>"; };
		1FB8EF432779D295006478AE /* les2_2UITestsLaunchTests.swift */ = {isa = PBXFileReference; lastKnownFileType = sourcecode.swift; path = les2_2UITestsLaunchTests.swift; sourceTree = "<group>"; };
		1FC3FCF32811679900294320 /* NewsController.swift */ = {isa = PBXFileReference; lastKnownFileType = sourcecode.swift; path = NewsController.swift; sourceTree = "<group>"; };
		1FC3FCF528116DE900294320 /* News.swift */ = {isa = PBXFileReference; lastKnownFileType = sourcecode.swift; path = News.swift; sourceTree = "<group>"; };
		1FC3FCF728117E1800294320 /* NewsMainViewCell.swift */ = {isa = PBXFileReference; lastKnownFileType = sourcecode.swift; path = NewsMainViewCell.swift; sourceTree = "<group>"; };
		1FC3FCF92811819100294320 /* CollectionViewCell.swift */ = {isa = PBXFileReference; lastKnownFileType = sourcecode.swift; path = CollectionViewCell.swift; sourceTree = "<group>"; };
		1FDB16EA27F1C98500DBF7B4 /* GoogleService-Info.plist */ = {isa = PBXFileReference; fileEncoding = 4; lastKnownFileType = text.plist.xml; name = "GoogleService-Info.plist"; path = "../../../../../Downloads/GoogleService-Info.plist"; sourceTree = "<group>"; };
		1FDB172627F1CD7100DBF7B4 /* FirebaseGroups.swift */ = {isa = PBXFileReference; lastKnownFileType = sourcecode.swift; path = FirebaseGroups.swift; sourceTree = "<group>"; };
/* End PBXFileReference section */

/* Begin PBXFrameworksBuildPhase section */
		1FB8EF1A2779D294006478AE /* Frameworks */ = {
			isa = PBXFrameworksBuildPhase;
			buildActionMask = 2147483647;
			files = (
				1FDB171827F1CA7F00DBF7B4 /* FirebaseMessaging in Frameworks */,
				1FDB170A27F1CA7F00DBF7B4 /* FirebaseFunctions in Frameworks */,
				1FDB16F627F1CA7F00DBF7B4 /* FirebaseAppDistribution-Beta in Frameworks */,
				1FDB16FA27F1CA7F00DBF7B4 /* FirebaseAuthCombine-Community in Frameworks */,
				1F64645B27CD10700018244E /* RealmSwift in Frameworks */,
				1FDB172427F1CA7F00DBF7B4 /* FirebaseStorageSwift-Beta in Frameworks */,
				1FDB170627F1CA7F00DBF7B4 /* FirebaseFirestoreCombine-Community in Frameworks */,
				1FDB16F227F1CA7F00DBF7B4 /* FirebaseAnalyticsWithoutAdIdSupport in Frameworks */,
				1FDB170827F1CA7F00DBF7B4 /* FirebaseFirestoreSwift-Beta in Frameworks */,
				1F64645927CD10700018244E /* Realm in Frameworks */,
				1FDB16F027F1CA7F00DBF7B4 /* FirebaseAnalyticsSwift-Beta in Frameworks */,
				1FDB171E27F1CA7F00DBF7B4 /* FirebaseRemoteConfigSwift-Beta in Frameworks */,
				1FDB171627F1CA7F00DBF7B4 /* FirebaseMLModelDownloader in Frameworks */,
				1FDB170027F1CA7F00DBF7B4 /* FirebaseDatabaseSwift-Beta in Frameworks */,
				1FDB16F427F1CA7F00DBF7B4 /* FirebaseAppCheck in Frameworks */,
				1F0E0F2D282181A20084A2DA /* PromiseKit in Frameworks */,
				1FDB171427F1CA7F00DBF7B4 /* FirebaseInstallations in Frameworks */,
				1FDB170C27F1CA7F00DBF7B4 /* FirebaseFunctionsCombine-Community in Frameworks */,
				1FDB16FC27F1CA7F00DBF7B4 /* FirebaseCrashlytics in Frameworks */,
				1FDB16FE27F1CA7F00DBF7B4 /* FirebaseDatabase in Frameworks */,
				1FDB171A27F1CA7F00DBF7B4 /* FirebasePerformance in Frameworks */,
				1FDB16EE27F1CA7F00DBF7B4 /* FirebaseAnalytics in Frameworks */,
				1FDB170E27F1CA7F00DBF7B4 /* FirebaseFunctionsSwift-Beta in Frameworks */,
				1FDB171227F1CA7F00DBF7B4 /* FirebaseInAppMessagingSwift-Beta in Frameworks */,
				1FDB16F827F1CA7F00DBF7B4 /* FirebaseAuth in Frameworks */,
				1FDB170227F1CA7F00DBF7B4 /* FirebaseDynamicLinks in Frameworks */,
				1FDB171C27F1CA7F00DBF7B4 /* FirebaseRemoteConfig in Frameworks */,
				1FDB172027F1CA7F00DBF7B4 /* FirebaseStorage in Frameworks */,
				1FDB170427F1CA7F00DBF7B4 /* FirebaseFirestore in Frameworks */,
				1FDB172227F1CA7F00DBF7B4 /* FirebaseStorageCombine-Community in Frameworks */,
				1FDB171027F1CA7F00DBF7B4 /* FirebaseInAppMessaging-Beta in Frameworks */,
			);
			runOnlyForDeploymentPostprocessing = 0;
		};
		1FB8EF302779D295006478AE /* Frameworks */ = {
			isa = PBXFrameworksBuildPhase;
			buildActionMask = 2147483647;
			files = (
			);
			runOnlyForDeploymentPostprocessing = 0;
		};
		1FB8EF3A2779D295006478AE /* Frameworks */ = {
			isa = PBXFrameworksBuildPhase;
			buildActionMask = 2147483647;
			files = (
			);
			runOnlyForDeploymentPostprocessing = 0;
		};
/* End PBXFrameworksBuildPhase section */

/* Begin PBXGroup section */
		1F64645227C672170018244E /* Singleton */ = {
			isa = PBXGroup;
			children = (
				1F6D52AE279079DD008CDE4F /* Storage.swift */,
			);
			path = Singleton;
			sourceTree = "<group>";
		};
		1F64645C27D610B00018244E /* RealmService */ = {
			isa = PBXGroup;
			children = (
				1F64645D27D610DD0018244E /* RealmCacheService.swift */,
			);
			path = RealmService;
			sourceTree = "<group>";
		};
		1F6D529227903E6D008CDE4F /* LoginViewController */ = {
			isa = PBXGroup;
			children = (
				1FB8EF242779D294006478AE /* ViewController.swift */,
			);
			path = LoginViewController;
			sourceTree = "<group>";
		};
		1F6D529327903EF3008CDE4F /* Controllers */ = {
			isa = PBXGroup;
			children = (
				1FC3FCF22811676B00294320 /* NewsController */,
				1F6D52BF279487BA008CDE4F /* FotoViewController */,
				1F6D52B727947E37008CDE4F /* GalleryController */,
				1F6D52B027907C59008CDE4F /* AllGroupsController */,
				1F6D52A227904621008CDE4F /* GroupController */,
				1F6D529427903F9B008CDE4F /* FriendsListController */,
				1F6D529227903E6D008CDE4F /* LoginViewController */,
			);
			path = Controllers;
			sourceTree = "<group>";
		};
		1F6D529427903F9B008CDE4F /* FriendsListController */ = {
			isa = PBXGroup;
			children = (
				1F6D529527903FB9008CDE4F /* FriendsListController.swift */,
				1F6D52972790412A008CDE4F /* FriendListController+TableDataSource.swift */,
				1F6D529E2790435D008CDE4F /* FriendsListController+TableDelegate.swift */,
			);
			path = FriendsListController;
			sourceTree = "<group>";
		};
		1F6D52992790417D008CDE4F /* Cell */ = {
			isa = PBXGroup;
			children = (
				1F6D529A2790419B008CDE4F /* UniversalTableViewCell.swift */,
				1F6D529B2790419B008CDE4F /* UniversalTableViewCell.xib */,
			);
			path = Cell;
			sourceTree = "<group>";
		};
		1F6D52A227904621008CDE4F /* GroupController */ = {
			isa = PBXGroup;
			children = (
				1F6D52A327904656008CDE4F /* GroupController.swift */,
				1F6D52A527904694008CDE4F /* GroupsController+TableSourse.swift */,
				1F6D52A7279046A4008CDE4F /* GroupsController+TableDelegate.swift */,
			);
			path = GroupController;
			sourceTree = "<group>";
		};
		1F6D52A927907959008CDE4F /* Model */ = {
			isa = PBXGroup;
			children = (
				1FDB172527F1CD1D00DBF7B4 /* FireBase */,
				1F6D52AA27907973008CDE4F /* Friend.swift */,
				1F6D52AC27907993008CDE4F /* Group.swift */,
				1FC3FCF528116DE900294320 /* News.swift */,
			);
			path = Model;
			sourceTree = "<group>";
		};
		1F6D52B027907C59008CDE4F /* AllGroupsController */ = {
			isa = PBXGroup;
			children = (
				1F6D52B127907D05008CDE4F /* AllGroupController.swift */,
				1F6D52B327907E09008CDE4F /* AllGroupsController+TableSourse.swift */,
				1F6D52B527907E3A008CDE4F /* AllGroupsController+TableDelegate.swift */,
			);
			path = AllGroupsController;
			sourceTree = "<group>";
		};
		1F6D52B727947E37008CDE4F /* GalleryController */ = {
			isa = PBXGroup;
			children = (
				1F6D52BA27947EDA008CDE4F /* cell */,
				1F6D52B827947E75008CDE4F /* GalleryController.swift */,
			);
			path = GalleryController;
			sourceTree = "<group>";
		};
		1F6D52BA27947EDA008CDE4F /* cell */ = {
			isa = PBXGroup;
			children = (
				1F6D52BB27947F04008CDE4F /* GalleryCell.swift */,
				1F6D52BC27947F04008CDE4F /* GalleryCell.xib */,
			);
			path = cell;
			sourceTree = "<group>";
		};
		1F6D52BF279487BA008CDE4F /* FotoViewController */ = {
			isa = PBXGroup;
			children = (
				1F6D52C0279487E6008CDE4F /* FotoViewController.swift */,
			);
			path = FotoViewController;
			sourceTree = "<group>";
		};
		1F98F02A27986F700013DD74 /* LikeCounterControlView */ = {
			isa = PBXGroup;
			children = (
				1F98F02827986F470013DD74 /* LikeCounterControlView.swift */,
				1F98F02B27986F830013DD74 /* LikeCounterControlView.xib */,
			);
			path = LikeCounterControlView;
			sourceTree = "<group>";
		};
		1FB8EF142779D294006478AE = {
			isa = PBXGroup;
			children = (
				1FB8EF1F2779D294006478AE /* les2_2 */,
				1FB8EF362779D295006478AE /* les2_2Tests */,
				1FB8EF402779D295006478AE /* les2_2UITests */,
				1FB8EF1E2779D294006478AE /* Products */,
			);
			sourceTree = "<group>";
		};
		1FB8EF1E2779D294006478AE /* Products */ = {
			isa = PBXGroup;
			children = (
				1FB8EF1D2779D294006478AE /* les2_2.app */,
				1FB8EF332779D295006478AE /* les2_2Tests.xctest */,
				1FB8EF3D2779D295006478AE /* les2_2UITests.xctest */,
			);
			name = Products;
			sourceTree = "<group>";
		};
		1FB8EF1F2779D294006478AE /* les2_2 */ = {
			isa = PBXGroup;
			children = (
				1F6D52A927907959008CDE4F /* Model */,
				1F64645C27D610B00018244E /* RealmService */,
				1F6D52992790417D008CDE4F /* Cell */,
				1F6D529327903EF3008CDE4F /* Controllers */,
				1FB8EF202779D294006478AE /* AppDelegate.swift */,
				1FB8EF222779D294006478AE /* SceneDelegate.swift */,
				1FB8EF262779D294006478AE /* Main.storyboard */,
				1FB8EF292779D294006478AE /* Assets.xcassets */,
				1FDB16EA27F1C98500DBF7B4 /* GoogleService-Info.plist */,
				1FB8EF2B2779D294006478AE /* LaunchScreen.storyboard */,
				1FB8EF2E2779D294006478AE /* Info.plist */,
				1F6D52A0279043A5008CDE4F /* Constants.swift */,
				1F64645227C672170018244E /* Singleton */,
				1F98F02A27986F700013DD74 /* LikeCounterControlView */,
				1F64645327C6727B0018244E /* UniversalMetod.swift */,
				1F64645527C67D3E0018244E /* ImageLoader.swift */,
			);
			path = les2_2;
			sourceTree = "<group>";
		};
		1FB8EF362779D295006478AE /* les2_2Tests */ = {
			isa = PBXGroup;
			children = (
				1FB8EF372779D295006478AE /* les2_2Tests.swift */,
			);
			path = les2_2Tests;
			sourceTree = "<group>";
		};
		1FB8EF402779D295006478AE /* les2_2UITests */ = {
			isa = PBXGroup;
			children = (
				1FB8EF412779D295006478AE /* les2_2UITests.swift */,
				1FB8EF432779D295006478AE /* les2_2UITestsLaunchTests.swift */,
			);
			path = les2_2UITests;
			sourceTree = "<group>";
		};
		1FC3FCF22811676B00294320 /* NewsController */ = {
			isa = PBXGroup;
			children = (
				1FC3FCF32811679900294320 /* NewsController.swift */,
				1FC3FCF92811819100294320 /* CollectionViewCell.swift */,
				1FC3FCF728117E1800294320 /* NewsMainViewCell.swift */,
			);
			path = NewsController;
			sourceTree = "<group>";
		};
		1FDB172527F1CD1D00DBF7B4 /* FireBase */ = {
			isa = PBXGroup;
			children = (
				1FDB172627F1CD7100DBF7B4 /* FirebaseGroups.swift */,
			);
			path = FireBase;
			sourceTree = "<group>";
		};
/* End PBXGroup section */

/* Begin PBXNativeTarget section */
		1FB8EF1C2779D294006478AE /* les2_2 */ = {
			isa = PBXNativeTarget;
			buildConfigurationList = 1FB8EF472779D295006478AE /* Build configuration list for PBXNativeTarget "les2_2" */;
			buildPhases = (
				1FB8EF192779D294006478AE /* Sources */,
				1FB8EF1A2779D294006478AE /* Frameworks */,
				1FB8EF1B2779D294006478AE /* Resources */,
			);
			buildRules = (
			);
			dependencies = (
			);
			name = les2_2;
			packageProductDependencies = (
				1F64645827CD10700018244E /* Realm */,
				1F64645A27CD10700018244E /* RealmSwift */,
				1FDB16ED27F1CA7F00DBF7B4 /* FirebaseAnalytics */,
				1FDB16EF27F1CA7F00DBF7B4 /* FirebaseAnalyticsSwift-Beta */,
				1FDB16F127F1CA7F00DBF7B4 /* FirebaseAnalyticsWithoutAdIdSupport */,
				1FDB16F327F1CA7F00DBF7B4 /* FirebaseAppCheck */,
				1FDB16F527F1CA7F00DBF7B4 /* FirebaseAppDistribution-Beta */,
				1FDB16F727F1CA7F00DBF7B4 /* FirebaseAuth */,
				1FDB16F927F1CA7F00DBF7B4 /* FirebaseAuthCombine-Community */,
				1FDB16FB27F1CA7F00DBF7B4 /* FirebaseCrashlytics */,
				1FDB16FD27F1CA7F00DBF7B4 /* FirebaseDatabase */,
				1FDB16FF27F1CA7F00DBF7B4 /* FirebaseDatabaseSwift-Beta */,
				1FDB170127F1CA7F00DBF7B4 /* FirebaseDynamicLinks */,
				1FDB170327F1CA7F00DBF7B4 /* FirebaseFirestore */,
				1FDB170527F1CA7F00DBF7B4 /* FirebaseFirestoreCombine-Community */,
				1FDB170727F1CA7F00DBF7B4 /* FirebaseFirestoreSwift-Beta */,
				1FDB170927F1CA7F00DBF7B4 /* FirebaseFunctions */,
				1FDB170B27F1CA7F00DBF7B4 /* FirebaseFunctionsCombine-Community */,
				1FDB170D27F1CA7F00DBF7B4 /* FirebaseFunctionsSwift-Beta */,
				1FDB170F27F1CA7F00DBF7B4 /* FirebaseInAppMessaging-Beta */,
				1FDB171127F1CA7F00DBF7B4 /* FirebaseInAppMessagingSwift-Beta */,
				1FDB171327F1CA7F00DBF7B4 /* FirebaseInstallations */,
				1FDB171527F1CA7F00DBF7B4 /* FirebaseMLModelDownloader */,
				1FDB171727F1CA7F00DBF7B4 /* FirebaseMessaging */,
				1FDB171927F1CA7F00DBF7B4 /* FirebasePerformance */,
				1FDB171B27F1CA7F00DBF7B4 /* FirebaseRemoteConfig */,
				1FDB171D27F1CA7F00DBF7B4 /* FirebaseRemoteConfigSwift-Beta */,
				1FDB171F27F1CA7F00DBF7B4 /* FirebaseStorage */,
				1FDB172127F1CA7F00DBF7B4 /* FirebaseStorageCombine-Community */,
				1FDB172327F1CA7F00DBF7B4 /* FirebaseStorageSwift-Beta */,
				1F0E0F2C282181A20084A2DA /* PromiseKit */,
			);
			productName = les2_2;
			productReference = 1FB8EF1D2779D294006478AE /* les2_2.app */;
			productType = "com.apple.product-type.application";
		};
		1FB8EF322779D295006478AE /* les2_2Tests */ = {
			isa = PBXNativeTarget;
			buildConfigurationList = 1FB8EF4A2779D295006478AE /* Build configuration list for PBXNativeTarget "les2_2Tests" */;
			buildPhases = (
				1FB8EF2F2779D295006478AE /* Sources */,
				1FB8EF302779D295006478AE /* Frameworks */,
				1FB8EF312779D295006478AE /* Resources */,
			);
			buildRules = (
			);
			dependencies = (
				1FB8EF352779D295006478AE /* PBXTargetDependency */,
			);
			name = les2_2Tests;
			productName = les2_2Tests;
			productReference = 1FB8EF332779D295006478AE /* les2_2Tests.xctest */;
			productType = "com.apple.product-type.bundle.unit-test";
		};
		1FB8EF3C2779D295006478AE /* les2_2UITests */ = {
			isa = PBXNativeTarget;
			buildConfigurationList = 1FB8EF4D2779D295006478AE /* Build configuration list for PBXNativeTarget "les2_2UITests" */;
			buildPhases = (
				1FB8EF392779D295006478AE /* Sources */,
				1FB8EF3A2779D295006478AE /* Frameworks */,
				1FB8EF3B2779D295006478AE /* Resources */,
			);
			buildRules = (
			);
			dependencies = (
				1FB8EF3F2779D295006478AE /* PBXTargetDependency */,
			);
			name = les2_2UITests;
			productName = les2_2UITests;
			productReference = 1FB8EF3D2779D295006478AE /* les2_2UITests.xctest */;
			productType = "com.apple.product-type.bundle.ui-testing";
		};
/* End PBXNativeTarget section */

/* Begin PBXProject section */
		1FB8EF152779D294006478AE /* Project object */ = {
			isa = PBXProject;
			attributes = {
				BuildIndependentTargetsInParallel = 1;
				LastSwiftUpdateCheck = 1320;
				LastUpgradeCheck = 1320;
				TargetAttributes = {
					1FB8EF1C2779D294006478AE = {
						CreatedOnToolsVersion = 13.2.1;
					};
					1FB8EF322779D295006478AE = {
						CreatedOnToolsVersion = 13.2.1;
						TestTargetID = 1FB8EF1C2779D294006478AE;
					};
					1FB8EF3C2779D295006478AE = {
						CreatedOnToolsVersion = 13.2.1;
						TestTargetID = 1FB8EF1C2779D294006478AE;
					};
				};
			};
			buildConfigurationList = 1FB8EF182779D294006478AE /* Build configuration list for PBXProject "les2_2" */;
			compatibilityVersion = "Xcode 13.0";
			developmentRegion = en;
			hasScannedForEncodings = 0;
			knownRegions = (
				en,
				Base,
			);
			mainGroup = 1FB8EF142779D294006478AE;
			packageReferences = (
				1F64645727CD10700018244E /* XCRemoteSwiftPackageReference "realm-swift" */,
				1FDB16EC27F1CA7F00DBF7B4 /* XCRemoteSwiftPackageReference "firebase-ios-sdk" */,
				1F0E0F2B282181A10084A2DA /* XCRemoteSwiftPackageReference "PromiseKit" */,
			);
			productRefGroup = 1FB8EF1E2779D294006478AE /* Products */;
			projectDirPath = "";
			projectRoot = "";
			targets = (
				1FB8EF1C2779D294006478AE /* les2_2 */,
				1FB8EF322779D295006478AE /* les2_2Tests */,
				1FB8EF3C2779D295006478AE /* les2_2UITests */,
			);
		};
/* End PBXProject section */

/* Begin PBXResourcesBuildPhase section */
		1FB8EF1B2779D294006478AE /* Resources */ = {
			isa = PBXResourcesBuildPhase;
			buildActionMask = 2147483647;
			files = (
				1F98F02C27986F830013DD74 /* LikeCounterControlView.xib in Resources */,
				1F6D52BE27947F04008CDE4F /* GalleryCell.xib in Resources */,
				1FB8EF2D2779D294006478AE /* LaunchScreen.storyboard in Resources */,
				1FB8EF2A2779D294006478AE /* Assets.xcassets in Resources */,
				1FB8EF282779D294006478AE /* Main.storyboard in Resources */,
				1F6D529D2790419B008CDE4F /* UniversalTableViewCell.xib in Resources */,
				1FDB16EB27F1C98500DBF7B4 /* GoogleService-Info.plist in Resources */,
			);
			runOnlyForDeploymentPostprocessing = 0;
		};
		1FB8EF312779D295006478AE /* Resources */ = {
			isa = PBXResourcesBuildPhase;
			buildActionMask = 2147483647;
			files = (
			);
			runOnlyForDeploymentPostprocessing = 0;
		};
		1FB8EF3B2779D295006478AE /* Resources */ = {
			isa = PBXResourcesBuildPhase;
			buildActionMask = 2147483647;
			files = (
			);
			runOnlyForDeploymentPostprocessing = 0;
		};
/* End PBXResourcesBuildPhase section */

/* Begin PBXSourcesBuildPhase section */
		1FB8EF192779D294006478AE /* Sources */ = {
			isa = PBXSourcesBuildPhase;
			buildActionMask = 2147483647;
			files = (
				1FC3FCF42811679900294320 /* NewsController.swift in Sources */,
				1F64645E27D610DD0018244E /* RealmCacheService.swift in Sources */,
				1FB8EF252779D294006478AE /* ViewController.swift in Sources */,
				1F6D52B427907E09008CDE4F /* AllGroupsController+TableSourse.swift in Sources */,
				1F6D52AF279079DD008CDE4F /* Storage.swift in Sources */,
				1F98F02927986F470013DD74 /* LikeCounterControlView.swift in Sources */,
				1F6D529627903FB9008CDE4F /* FriendsListController.swift in Sources */,
				1F6D52A427904656008CDE4F /* GroupController.swift in Sources */,
				1F6D52B627907E3A008CDE4F /* AllGroupsController+TableDelegate.swift in Sources */,
				1F6D52C1279487E6008CDE4F /* FotoViewController.swift in Sources */,
				1F6D52AB27907973008CDE4F /* Friend.swift in Sources */,
				1F6D529F2790435D008CDE4F /* FriendsListController+TableDelegate.swift in Sources */,
				1F6D52A8279046A4008CDE4F /* GroupsController+TableDelegate.swift in Sources */,
				1F6D52AD27907993008CDE4F /* Group.swift in Sources */,
				1F6D52B227907D05008CDE4F /* AllGroupController.swift in Sources */,
				1FB8EF212779D294006478AE /* AppDelegate.swift in Sources */,
				1F6D52B927947E75008CDE4F /* GalleryController.swift in Sources */,
				1F64645627C67D3E0018244E /* ImageLoader.swift in Sources */,
				1FC3FCFA2811819100294320 /* CollectionViewCell.swift in Sources */,
				1FDB172727F1CD7100DBF7B4 /* FirebaseGroups.swift in Sources */,
				1F64645427C6727B0018244E /* UniversalMetod.swift in Sources */,
				1F6D52982790412A008CDE4F /* FriendListController+TableDataSource.swift in Sources */,
				1FC3FCF628116DE900294320 /* News.swift in Sources */,
				1FB8EF232779D294006478AE /* SceneDelegate.swift in Sources */,
				1F6D52BD27947F04008CDE4F /* GalleryCell.swift in Sources */,
				1F6D52A627904694008CDE4F /* GroupsController+TableSourse.swift in Sources */,
				1F6D529C2790419B008CDE4F /* UniversalTableViewCell.swift in Sources */,
				1FC3FCF828117E1800294320 /* NewsMainViewCell.swift in Sources */,
				1F6D52A1279043A5008CDE4F /* Constants.swift in Sources */,
			);
			runOnlyForDeploymentPostprocessing = 0;
		};
		1FB8EF2F2779D295006478AE /* Sources */ = {
			isa = PBXSourcesBuildPhase;
			buildActionMask = 2147483647;
			files = (
				1FB8EF382779D295006478AE /* les2_2Tests.swift in Sources */,
			);
			runOnlyForDeploymentPostprocessing = 0;
		};
		1FB8EF392779D295006478AE /* Sources */ = {
			isa = PBXSourcesBuildPhase;
			buildActionMask = 2147483647;
			files = (
				1FB8EF422779D295006478AE /* les2_2UITests.swift in Sources */,
				1FB8EF442779D295006478AE /* les2_2UITestsLaunchTests.swift in Sources */,
			);
			runOnlyForDeploymentPostprocessing = 0;
		};
/* End PBXSourcesBuildPhase section */

/* Begin PBXTargetDependency section */
		1FB8EF352779D295006478AE /* PBXTargetDependency */ = {
			isa = PBXTargetDependency;
			target = 1FB8EF1C2779D294006478AE /* les2_2 */;
			targetProxy = 1FB8EF342779D295006478AE /* PBXContainerItemProxy */;
		};
		1FB8EF3F2779D295006478AE /* PBXTargetDependency */ = {
			isa = PBXTargetDependency;
			target = 1FB8EF1C2779D294006478AE /* les2_2 */;
			targetProxy = 1FB8EF3E2779D295006478AE /* PBXContainerItemProxy */;
		};
/* End PBXTargetDependency section */

/* Begin PBXVariantGroup section */
		1FB8EF262779D294006478AE /* Main.storyboard */ = {
			isa = PBXVariantGroup;
			children = (
				1FB8EF272779D294006478AE /* Base */,
			);
			name = Main.storyboard;
			sourceTree = "<group>";
		};
		1FB8EF2B2779D294006478AE /* LaunchScreen.storyboard */ = {
			isa = PBXVariantGroup;
			children = (
				1FB8EF2C2779D294006478AE /* Base */,
			);
			name = LaunchScreen.storyboard;
			sourceTree = "<group>";
		};
/* End PBXVariantGroup section */

/* Begin XCBuildConfiguration section */
		1FB8EF452779D295006478AE /* Debug */ = {
			isa = XCBuildConfiguration;
			buildSettings = {
				ALWAYS_SEARCH_USER_PATHS = NO;
				CLANG_ANALYZER_NONNULL = YES;
				CLANG_ANALYZER_NUMBER_OBJECT_CONVERSION = YES_AGGRESSIVE;
				CLANG_CXX_LANGUAGE_STANDARD = "gnu++17";
				CLANG_CXX_LIBRARY = "libc++";
				CLANG_ENABLE_MODULES = YES;
				CLANG_ENABLE_OBJC_ARC = YES;
				CLANG_ENABLE_OBJC_WEAK = YES;
				CLANG_WARN_BLOCK_CAPTURE_AUTORELEASING = YES;
				CLANG_WARN_BOOL_CONVERSION = YES;
				CLANG_WARN_COMMA = YES;
				CLANG_WARN_CONSTANT_CONVERSION = YES;
				CLANG_WARN_DEPRECATED_OBJC_IMPLEMENTATIONS = YES;
				CLANG_WARN_DIRECT_OBJC_ISA_USAGE = YES_ERROR;
				CLANG_WARN_DOCUMENTATION_COMMENTS = YES;
				CLANG_WARN_EMPTY_BODY = YES;
				CLANG_WARN_ENUM_CONVERSION = YES;
				CLANG_WARN_INFINITE_RECURSION = YES;
				CLANG_WARN_INT_CONVERSION = YES;
				CLANG_WARN_NON_LITERAL_NULL_CONVERSION = YES;
				CLANG_WARN_OBJC_IMPLICIT_RETAIN_SELF = YES;
				CLANG_WARN_OBJC_LITERAL_CONVERSION = YES;
				CLANG_WARN_OBJC_ROOT_CLASS = YES_ERROR;
				CLANG_WARN_QUOTED_INCLUDE_IN_FRAMEWORK_HEADER = YES;
				CLANG_WARN_RANGE_LOOP_ANALYSIS = YES;
				CLANG_WARN_STRICT_PROTOTYPES = YES;
				CLANG_WARN_SUSPICIOUS_MOVE = YES;
				CLANG_WARN_UNGUARDED_AVAILABILITY = YES_AGGRESSIVE;
				CLANG_WARN_UNREACHABLE_CODE = YES;
				CLANG_WARN__DUPLICATE_METHOD_MATCH = YES;
				COPY_PHASE_STRIP = NO;
				DEBUG_INFORMATION_FORMAT = dwarf;
				ENABLE_STRICT_OBJC_MSGSEND = YES;
				ENABLE_TESTABILITY = YES;
				GCC_C_LANGUAGE_STANDARD = gnu11;
				GCC_DYNAMIC_NO_PIC = NO;
				GCC_NO_COMMON_BLOCKS = YES;
				GCC_OPTIMIZATION_LEVEL = 0;
				GCC_PREPROCESSOR_DEFINITIONS = (
					"DEBUG=1",
					"$(inherited)",
				);
				GCC_WARN_64_TO_32_BIT_CONVERSION = YES;
				GCC_WARN_ABOUT_RETURN_TYPE = YES_ERROR;
				GCC_WARN_UNDECLARED_SELECTOR = YES;
				GCC_WARN_UNINITIALIZED_AUTOS = YES_AGGRESSIVE;
				GCC_WARN_UNUSED_FUNCTION = YES;
				GCC_WARN_UNUSED_VARIABLE = YES;
				IPHONEOS_DEPLOYMENT_TARGET = 15.2;
				MTL_ENABLE_DEBUG_INFO = INCLUDE_SOURCE;
				MTL_FAST_MATH = YES;
				ONLY_ACTIVE_ARCH = YES;
				SDKROOT = iphoneos;
				SWIFT_ACTIVE_COMPILATION_CONDITIONS = DEBUG;
				SWIFT_OPTIMIZATION_LEVEL = "-Onone";
			};
			name = Debug;
		};
		1FB8EF462779D295006478AE /* Release */ = {
			isa = XCBuildConfiguration;
			buildSettings = {
				ALWAYS_SEARCH_USER_PATHS = NO;
				CLANG_ANALYZER_NONNULL = YES;
				CLANG_ANALYZER_NUMBER_OBJECT_CONVERSION = YES_AGGRESSIVE;
				CLANG_CXX_LANGUAGE_STANDARD = "gnu++17";
				CLANG_CXX_LIBRARY = "libc++";
				CLANG_ENABLE_MODULES = YES;
				CLANG_ENABLE_OBJC_ARC = YES;
				CLANG_ENABLE_OBJC_WEAK = YES;
				CLANG_WARN_BLOCK_CAPTURE_AUTORELEASING = YES;
				CLANG_WARN_BOOL_CONVERSION = YES;
				CLANG_WARN_COMMA = YES;
				CLANG_WARN_CONSTANT_CONVERSION = YES;
				CLANG_WARN_DEPRECATED_OBJC_IMPLEMENTATIONS = YES;
				CLANG_WARN_DIRECT_OBJC_ISA_USAGE = YES_ERROR;
				CLANG_WARN_DOCUMENTATION_COMMENTS = YES;
				CLANG_WARN_EMPTY_BODY = YES;
				CLANG_WARN_ENUM_CONVERSION = YES;
				CLANG_WARN_INFINITE_RECURSION = YES;
				CLANG_WARN_INT_CONVERSION = YES;
				CLANG_WARN_NON_LITERAL_NULL_CONVERSION = YES;
				CLANG_WARN_OBJC_IMPLICIT_RETAIN_SELF = YES;
				CLANG_WARN_OBJC_LITERAL_CONVERSION = YES;
				CLANG_WARN_OBJC_ROOT_CLASS = YES_ERROR;
				CLANG_WARN_QUOTED_INCLUDE_IN_FRAMEWORK_HEADER = YES;
				CLANG_WARN_RANGE_LOOP_ANALYSIS = YES;
				CLANG_WARN_STRICT_PROTOTYPES = YES;
				CLANG_WARN_SUSPICIOUS_MOVE = YES;
				CLANG_WARN_UNGUARDED_AVAILABILITY = YES_AGGRESSIVE;
				CLANG_WARN_UNREACHABLE_CODE = YES;
				CLANG_WARN__DUPLICATE_METHOD_MATCH = YES;
				COPY_PHASE_STRIP = NO;
				DEBUG_INFORMATION_FORMAT = "dwarf-with-dsym";
				ENABLE_NS_ASSERTIONS = NO;
				ENABLE_STRICT_OBJC_MSGSEND = YES;
				GCC_C_LANGUAGE_STANDARD = gnu11;
				GCC_NO_COMMON_BLOCKS = YES;
				GCC_WARN_64_TO_32_BIT_CONVERSION = YES;
				GCC_WARN_ABOUT_RETURN_TYPE = YES_ERROR;
				GCC_WARN_UNDECLARED_SELECTOR = YES;
				GCC_WARN_UNINITIALIZED_AUTOS = YES_AGGRESSIVE;
				GCC_WARN_UNUSED_FUNCTION = YES;
				GCC_WARN_UNUSED_VARIABLE = YES;
				IPHONEOS_DEPLOYMENT_TARGET = 15.2;
				MTL_ENABLE_DEBUG_INFO = NO;
				MTL_FAST_MATH = YES;
				SDKROOT = iphoneos;
				SWIFT_COMPILATION_MODE = wholemodule;
				SWIFT_OPTIMIZATION_LEVEL = "-O";
				VALIDATE_PRODUCT = YES;
			};
			name = Release;
		};
		1FB8EF482779D295006478AE /* Debug */ = {
			isa = XCBuildConfiguration;
			buildSettings = {
				ASSETCATALOG_COMPILER_APPICON_NAME = AppIcon;
				ASSETCATALOG_COMPILER_GLOBAL_ACCENT_COLOR_NAME = AccentColor;
				CODE_SIGN_STYLE = Automatic;
				CURRENT_PROJECT_VERSION = 1;
				GENERATE_INFOPLIST_FILE = YES;
				INFOPLIST_FILE = les2_2/Info.plist;
				INFOPLIST_KEY_UIApplicationSupportsIndirectInputEvents = YES;
				INFOPLIST_KEY_UILaunchStoryboardName = LaunchScreen;
				INFOPLIST_KEY_UIMainStoryboardFile = Main;
				INFOPLIST_KEY_UISupportedInterfaceOrientations_iPad = "UIInterfaceOrientationPortrait UIInterfaceOrientationPortraitUpsideDown UIInterfaceOrientationLandscapeLeft UIInterfaceOrientationLandscapeRight";
				INFOPLIST_KEY_UISupportedInterfaceOrientations_iPhone = "UIInterfaceOrientationPortrait UIInterfaceOrientationLandscapeLeft UIInterfaceOrientationLandscapeRight";
				LD_RUNPATH_SEARCH_PATHS = (
					"$(inherited)",
					"@executable_path/Frameworks",
				);
				MARKETING_VERSION = 1.0;
				PRODUCT_BUNDLE_IDENTIFIER = "Rom.les2-2";
				PRODUCT_NAME = "$(TARGET_NAME)";
				SWIFT_EMIT_LOC_STRINGS = YES;
				SWIFT_VERSION = 5.0;
				TARGETED_DEVICE_FAMILY = "1,2";
			};
			name = Debug;
		};
		1FB8EF492779D295006478AE /* Release */ = {
			isa = XCBuildConfiguration;
			buildSettings = {
				ASSETCATALOG_COMPILER_APPICON_NAME = AppIcon;
				ASSETCATALOG_COMPILER_GLOBAL_ACCENT_COLOR_NAME = AccentColor;
				CODE_SIGN_STYLE = Automatic;
				CURRENT_PROJECT_VERSION = 1;
				GENERATE_INFOPLIST_FILE = YES;
				INFOPLIST_FILE = les2_2/Info.plist;
				INFOPLIST_KEY_UIApplicationSupportsIndirectInputEvents = YES;
				INFOPLIST_KEY_UILaunchStoryboardName = LaunchScreen;
				INFOPLIST_KEY_UIMainStoryboardFile = Main;
				INFOPLIST_KEY_UISupportedInterfaceOrientations_iPad = "UIInterfaceOrientationPortrait UIInterfaceOrientationPortraitUpsideDown UIInterfaceOrientationLandscapeLeft UIInterfaceOrientationLandscapeRight";
				INFOPLIST_KEY_UISupportedInterfaceOrientations_iPhone = "UIInterfaceOrientationPortrait UIInterfaceOrientationLandscapeLeft UIInterfaceOrientationLandscapeRight";
				LD_RUNPATH_SEARCH_PATHS = (
					"$(inherited)",
					"@executable_path/Frameworks",
				);
				MARKETING_VERSION = 1.0;
				PRODUCT_BUNDLE_IDENTIFIER = "Rom.les2-2";
				PRODUCT_NAME = "$(TARGET_NAME)";
				SWIFT_EMIT_LOC_STRINGS = YES;
				SWIFT_VERSION = 5.0;
				TARGETED_DEVICE_FAMILY = "1,2";
			};
			name = Release;
		};
		1FB8EF4B2779D295006478AE /* Debug */ = {
			isa = XCBuildConfiguration;
			buildSettings = {
				ALWAYS_EMBED_SWIFT_STANDARD_LIBRARIES = YES;
				BUNDLE_LOADER = "$(TEST_HOST)";
				CODE_SIGN_STYLE = Automatic;
				CURRENT_PROJECT_VERSION = 1;
				GENERATE_INFOPLIST_FILE = YES;
				IPHONEOS_DEPLOYMENT_TARGET = 15.2;
				MARKETING_VERSION = 1.0;
				PRODUCT_BUNDLE_IDENTIFIER = "Rom.les2-2Tests";
				PRODUCT_NAME = "$(TARGET_NAME)";
				SWIFT_EMIT_LOC_STRINGS = NO;
				SWIFT_VERSION = 5.0;
				TARGETED_DEVICE_FAMILY = "1,2";
				TEST_HOST = "$(BUILT_PRODUCTS_DIR)/les2_2.app/les2_2";
			};
			name = Debug;
		};
		1FB8EF4C2779D295006478AE /* Release */ = {
			isa = XCBuildConfiguration;
			buildSettings = {
				ALWAYS_EMBED_SWIFT_STANDARD_LIBRARIES = YES;
				BUNDLE_LOADER = "$(TEST_HOST)";
				CODE_SIGN_STYLE = Automatic;
				CURRENT_PROJECT_VERSION = 1;
				GENERATE_INFOPLIST_FILE = YES;
				IPHONEOS_DEPLOYMENT_TARGET = 15.2;
				MARKETING_VERSION = 1.0;
				PRODUCT_BUNDLE_IDENTIFIER = "Rom.les2-2Tests";
				PRODUCT_NAME = "$(TARGET_NAME)";
				SWIFT_EMIT_LOC_STRINGS = NO;
				SWIFT_VERSION = 5.0;
				TARGETED_DEVICE_FAMILY = "1,2";
				TEST_HOST = "$(BUILT_PRODUCTS_DIR)/les2_2.app/les2_2";
			};
			name = Release;
		};
		1FB8EF4E2779D295006478AE /* Debug */ = {
			isa = XCBuildConfiguration;
			buildSettings = {
				ALWAYS_EMBED_SWIFT_STANDARD_LIBRARIES = YES;
				CODE_SIGN_STYLE = Automatic;
				CURRENT_PROJECT_VERSION = 1;
				GENERATE_INFOPLIST_FILE = YES;
				MARKETING_VERSION = 1.0;
				PRODUCT_BUNDLE_IDENTIFIER = "Rom.les2-2UITests";
				PRODUCT_NAME = "$(TARGET_NAME)";
				SWIFT_EMIT_LOC_STRINGS = NO;
				SWIFT_VERSION = 5.0;
				TARGETED_DEVICE_FAMILY = "1,2";
				TEST_TARGET_NAME = les2_2;
			};
			name = Debug;
		};
		1FB8EF4F2779D295006478AE /* Release */ = {
			isa = XCBuildConfiguration;
			buildSettings = {
				ALWAYS_EMBED_SWIFT_STANDARD_LIBRARIES = YES;
				CODE_SIGN_STYLE = Automatic;
				CURRENT_PROJECT_VERSION = 1;
				GENERATE_INFOPLIST_FILE = YES;
				MARKETING_VERSION = 1.0;
				PRODUCT_BUNDLE_IDENTIFIER = "Rom.les2-2UITests";
				PRODUCT_NAME = "$(TARGET_NAME)";
				SWIFT_EMIT_LOC_STRINGS = NO;
				SWIFT_VERSION = 5.0;
				TARGETED_DEVICE_FAMILY = "1,2";
				TEST_TARGET_NAME = les2_2;
			};
			name = Release;
		};
/* End XCBuildConfiguration section */

/* Begin XCConfigurationList section */
		1FB8EF182779D294006478AE /* Build configuration list for PBXProject "les2_2" */ = {
			isa = XCConfigurationList;
			buildConfigurations = (
				1FB8EF452779D295006478AE /* Debug */,
				1FB8EF462779D295006478AE /* Release */,
			);
			defaultConfigurationIsVisible = 0;
			defaultConfigurationName = Release;
		};
		1FB8EF472779D295006478AE /* Build configuration list for PBXNativeTarget "les2_2" */ = {
			isa = XCConfigurationList;
			buildConfigurations = (
				1FB8EF482779D295006478AE /* Debug */,
				1FB8EF492779D295006478AE /* Release */,
			);
			defaultConfigurationIsVisible = 0;
			defaultConfigurationName = Release;
		};
		1FB8EF4A2779D295006478AE /* Build configuration list for PBXNativeTarget "les2_2Tests" */ = {
			isa = XCConfigurationList;
			buildConfigurations = (
				1FB8EF4B2779D295006478AE /* Debug */,
				1FB8EF4C2779D295006478AE /* Release */,
			);
			defaultConfigurationIsVisible = 0;
			defaultConfigurationName = Release;
		};
		1FB8EF4D2779D295006478AE /* Build configuration list for PBXNativeTarget "les2_2UITests" */ = {
			isa = XCConfigurationList;
			buildConfigurations = (
				1FB8EF4E2779D295006478AE /* Debug */,
				1FB8EF4F2779D295006478AE /* Release */,
			);
			defaultConfigurationIsVisible = 0;
			defaultConfigurationName = Release;
		};
/* End XCConfigurationList section */

/* Begin XCRemoteSwiftPackageReference section */
		1F0E0F2B282181A10084A2DA /* XCRemoteSwiftPackageReference "PromiseKit" */ = {
			isa = XCRemoteSwiftPackageReference;
			repositoryURL = "https://github.com/mxcl/PromiseKit";
			requirement = {
				kind = upToNextMajorVersion;
				minimumVersion = 6.0.0;
			};
		};
		1F64645727CD10700018244E /* XCRemoteSwiftPackageReference "realm-swift" */ = {
			isa = XCRemoteSwiftPackageReference;
			repositoryURL = "https://github.com/realm/realm-swift";
			requirement = {
				branch = master;
				kind = branch;
			};
		};
		1FDB16EC27F1CA7F00DBF7B4 /* XCRemoteSwiftPackageReference "firebase-ios-sdk" */ = {
			isa = XCRemoteSwiftPackageReference;
			repositoryURL = "https://github.com/firebase/firebase-ios-sdk";
			requirement = {
				kind = upToNextMajorVersion;
				minimumVersion = 8.0.0;
			};
		};
/* End XCRemoteSwiftPackageReference section */

/* Begin XCSwiftPackageProductDependency section */
		1F0E0F2C282181A20084A2DA /* PromiseKit */ = {
			isa = XCSwiftPackageProductDependency;
			package = 1F0E0F2B282181A10084A2DA /* XCRemoteSwiftPackageReference "PromiseKit" */;
			productName = PromiseKit;
		};
		1F64645827CD10700018244E /* Realm */ = {
			isa = XCSwiftPackageProductDependency;
			package = 1F64645727CD10700018244E /* XCRemoteSwiftPackageReference "realm-swift" */;
			productName = Realm;
		};
		1F64645A27CD10700018244E /* RealmSwift */ = {
			isa = XCSwiftPackageProductDependency;
			package = 1F64645727CD10700018244E /* XCRemoteSwiftPackageReference "realm-swift" */;
			productName = RealmSwift;
		};
		1FDB16ED27F1CA7F00DBF7B4 /* FirebaseAnalytics */ = {
			isa = XCSwiftPackageProductDependency;
			package = 1FDB16EC27F1CA7F00DBF7B4 /* XCRemoteSwiftPackageReference "firebase-ios-sdk" */;
			productName = FirebaseAnalytics;
		};
		1FDB16EF27F1CA7F00DBF7B4 /* FirebaseAnalyticsSwift-Beta */ = {
			isa = XCSwiftPackageProductDependency;
			package = 1FDB16EC27F1CA7F00DBF7B4 /* XCRemoteSwiftPackageReference "firebase-ios-sdk" */;
			productName = "FirebaseAnalyticsSwift-Beta";
		};
		1FDB16F127F1CA7F00DBF7B4 /* FirebaseAnalyticsWithoutAdIdSupport */ = {
			isa = XCSwiftPackageProductDependency;
			package = 1FDB16EC27F1CA7F00DBF7B4 /* XCRemoteSwiftPackageReference "firebase-ios-sdk" */;
			productName = FirebaseAnalyticsWithoutAdIdSupport;
		};
		1FDB16F327F1CA7F00DBF7B4 /* FirebaseAppCheck */ = {
			isa = XCSwiftPackageProductDependency;
			package = 1FDB16EC27F1CA7F00DBF7B4 /* XCRemoteSwiftPackageReference "firebase-ios-sdk" */;
			productName = FirebaseAppCheck;
		};
		1FDB16F527F1CA7F00DBF7B4 /* FirebaseAppDistribution-Beta */ = {
			isa = XCSwiftPackageProductDependency;
			package = 1FDB16EC27F1CA7F00DBF7B4 /* XCRemoteSwiftPackageReference "firebase-ios-sdk" */;
			productName = "FirebaseAppDistribution-Beta";
		};
		1FDB16F727F1CA7F00DBF7B4 /* FirebaseAuth */ = {
			isa = XCSwiftPackageProductDependency;
			package = 1FDB16EC27F1CA7F00DBF7B4 /* XCRemoteSwiftPackageReference "firebase-ios-sdk" */;
			productName = FirebaseAuth;
		};
		1FDB16F927F1CA7F00DBF7B4 /* FirebaseAuthCombine-Community */ = {
			isa = XCSwiftPackageProductDependency;
			package = 1FDB16EC27F1CA7F00DBF7B4 /* XCRemoteSwiftPackageReference "firebase-ios-sdk" */;
			productName = "FirebaseAuthCombine-Community";
		};
		1FDB16FB27F1CA7F00DBF7B4 /* FirebaseCrashlytics */ = {
			isa = XCSwiftPackageProductDependency;
			package = 1FDB16EC27F1CA7F00DBF7B4 /* XCRemoteSwiftPackageReference "firebase-ios-sdk" */;
			productName = FirebaseCrashlytics;
		};
		1FDB16FD27F1CA7F00DBF7B4 /* FirebaseDatabase */ = {
			isa = XCSwiftPackageProductDependency;
			package = 1FDB16EC27F1CA7F00DBF7B4 /* XCRemoteSwiftPackageReference "firebase-ios-sdk" */;
			productName = FirebaseDatabase;
		};
		1FDB16FF27F1CA7F00DBF7B4 /* FirebaseDatabaseSwift-Beta */ = {
			isa = XCSwiftPackageProductDependency;
			package = 1FDB16EC27F1CA7F00DBF7B4 /* XCRemoteSwiftPackageReference "firebase-ios-sdk" */;
			productName = "FirebaseDatabaseSwift-Beta";
		};
		1FDB170127F1CA7F00DBF7B4 /* FirebaseDynamicLinks */ = {
			isa = XCSwiftPackageProductDependency;
			package = 1FDB16EC27F1CA7F00DBF7B4 /* XCRemoteSwiftPackageReference "firebase-ios-sdk" */;
			productName = FirebaseDynamicLinks;
		};
		1FDB170327F1CA7F00DBF7B4 /* FirebaseFirestore */ = {
			isa = XCSwiftPackageProductDependency;
			package = 1FDB16EC27F1CA7F00DBF7B4 /* XCRemoteSwiftPackageReference "firebase-ios-sdk" */;
			productName = FirebaseFirestore;
		};
		1FDB170527F1CA7F00DBF7B4 /* FirebaseFirestoreCombine-Community */ = {
			isa = XCSwiftPackageProductDependency;
			package = 1FDB16EC27F1CA7F00DBF7B4 /* XCRemoteSwiftPackageReference "firebase-ios-sdk" */;
			productName = "FirebaseFirestoreCombine-Community";
		};
		1FDB170727F1CA7F00DBF7B4 /* FirebaseFirestoreSwift-Beta */ = {
			isa = XCSwiftPackageProductDependency;
			package = 1FDB16EC27F1CA7F00DBF7B4 /* XCRemoteSwiftPackageReference "firebase-ios-sdk" */;
			productName = "FirebaseFirestoreSwift-Beta";
		};
		1FDB170927F1CA7F00DBF7B4 /* FirebaseFunctions */ = {
			isa = XCSwiftPackageProductDependency;
			package = 1FDB16EC27F1CA7F00DBF7B4 /* XCRemoteSwiftPackageReference "firebase-ios-sdk" */;
			productName = FirebaseFunctions;
		};
		1FDB170B27F1CA7F00DBF7B4 /* FirebaseFunctionsCombine-Community */ = {
			isa = XCSwiftPackageProductDependency;
			package = 1FDB16EC27F1CA7F00DBF7B4 /* XCRemoteSwiftPackageReference "firebase-ios-sdk" */;
			productName = "FirebaseFunctionsCombine-Community";
		};
		1FDB170D27F1CA7F00DBF7B4 /* FirebaseFunctionsSwift-Beta */ = {
			isa = XCSwiftPackageProductDependency;
			package = 1FDB16EC27F1CA7F00DBF7B4 /* XCRemoteSwiftPackageReference "firebase-ios-sdk" */;
			productName = "FirebaseFunctionsSwift-Beta";
		};
		1FDB170F27F1CA7F00DBF7B4 /* FirebaseInAppMessaging-Beta */ = {
			isa = XCSwiftPackageProductDependency;
			package = 1FDB16EC27F1CA7F00DBF7B4 /* XCRemoteSwiftPackageReference "firebase-ios-sdk" */;
			productName = "FirebaseInAppMessaging-Beta";
		};
		1FDB171127F1CA7F00DBF7B4 /* FirebaseInAppMessagingSwift-Beta */ = {
			isa = XCSwiftPackageProductDependency;
			package = 1FDB16EC27F1CA7F00DBF7B4 /* XCRemoteSwiftPackageReference "firebase-ios-sdk" */;
			productName = "FirebaseInAppMessagingSwift-Beta";
		};
		1FDB171327F1CA7F00DBF7B4 /* FirebaseInstallations */ = {
			isa = XCSwiftPackageProductDependency;
			package = 1FDB16EC27F1CA7F00DBF7B4 /* XCRemoteSwiftPackageReference "firebase-ios-sdk" */;
			productName = FirebaseInstallations;
		};
		1FDB171527F1CA7F00DBF7B4 /* FirebaseMLModelDownloader */ = {
			isa = XCSwiftPackageProductDependency;
			package = 1FDB16EC27F1CA7F00DBF7B4 /* XCRemoteSwiftPackageReference "firebase-ios-sdk" */;
			productName = FirebaseMLModelDownloader;
		};
		1FDB171727F1CA7F00DBF7B4 /* FirebaseMessaging */ = {
			isa = XCSwiftPackageProductDependency;
			package = 1FDB16EC27F1CA7F00DBF7B4 /* XCRemoteSwiftPackageReference "firebase-ios-sdk" */;
			productName = FirebaseMessaging;
		};
		1FDB171927F1CA7F00DBF7B4 /* FirebasePerformance */ = {
			isa = XCSwiftPackageProductDependency;
			package = 1FDB16EC27F1CA7F00DBF7B4 /* XCRemoteSwiftPackageReference "firebase-ios-sdk" */;
			productName = FirebasePerformance;
		};
		1FDB171B27F1CA7F00DBF7B4 /* FirebaseRemoteConfig */ = {
			isa = XCSwiftPackageProductDependency;
			package = 1FDB16EC27F1CA7F00DBF7B4 /* XCRemoteSwiftPackageReference "firebase-ios-sdk" */;
			productName = FirebaseRemoteConfig;
		};
		1FDB171D27F1CA7F00DBF7B4 /* FirebaseRemoteConfigSwift-Beta */ = {
			isa = XCSwiftPackageProductDependency;
			package = 1FDB16EC27F1CA7F00DBF7B4 /* XCRemoteSwiftPackageReference "firebase-ios-sdk" */;
			productName = "FirebaseRemoteConfigSwift-Beta";
		};
		1FDB171F27F1CA7F00DBF7B4 /* FirebaseStorage */ = {
			isa = XCSwiftPackageProductDependency;
			package = 1FDB16EC27F1CA7F00DBF7B4 /* XCRemoteSwiftPackageReference "firebase-ios-sdk" */;
			productName = FirebaseStorage;
		};
		1FDB172127F1CA7F00DBF7B4 /* FirebaseStorageCombine-Community */ = {
			isa = XCSwiftPackageProductDependency;
			package = 1FDB16EC27F1CA7F00DBF7B4 /* XCRemoteSwiftPackageReference "firebase-ios-sdk" */;
			productName = "FirebaseStorageCombine-Community";
		};
		1FDB172327F1CA7F00DBF7B4 /* FirebaseStorageSwift-Beta */ = {
			isa = XCSwiftPackageProductDependency;
			package = 1FDB16EC27F1CA7F00DBF7B4 /* XCRemoteSwiftPackageReference "firebase-ios-sdk" */;
			productName = "FirebaseStorageSwift-Beta";
		};
/* End XCSwiftPackageProductDependency section */
	};
	rootObject = 1FB8EF152779D294006478AE /* Project object */;
}
